
Microsoft Visual Studio Solution File, Format Version 12.00
# Visual Studio 15
VisualStudioVersion = 15.0.28307.271
MinimumVisualStudioVersion = 10.0.40219.1
Project("{FAE04EC0-301F-11D3-BF4B-00C04F79EFBC}") = "01-Layout", "01-Layout\01-Layout.csproj", "{7ACB4F7C-E801-4478-881D-B672B026AB70}"
EndProject
Project("{FAE04EC0-301F-11D3-BF4B-00C04F79EFBC}") = "02-WebSiteProject", "02-WebSiteProject\02-WebSiteProject.csproj", "{454A9F2C-13BE-4809-A45E-AA95089B3885}"
EndProject
Project("{FAE04EC0-301F-11D3-BF4B-00C04F79EFBC}") = "MVC_Examples", "MVC_Examples\MVC_Examples.csproj", "{0BE4017D-E44A-4D02-BD58-64B6D60B68AB}"
EndProject
Project("{FAE04EC0-301F-11D3-BF4B-00C04F79EFBC}") = "MVC_Examples.DAL", "MVC_Examples.DAL\MVC_Examples.DAL.csproj", "{72E52FF2-AEAD-42B1-BACA-8FAE068498A0}"
EndProject
Project("{FAE04EC0-301F-11D3-BF4B-00C04F79EFBC}") = "MVC_Examples.BLL", "MVC_Examples.BLL\MVC_Examples.BLL.csproj", "{0A8DB552-9ED6-427F-BF70-95335F2EE55F}"
EndProject
Global
	GlobalSection(SolutionConfigurationPlatforms) = preSolution
		Debug|Any CPU = Debug|Any CPU
		Release|Any CPU = Release|Any CPU
	EndGlobalSection
	GlobalSection(ProjectConfigurationPlatforms) = postSolution
		{7ACB4F7C-E801-4478-881D-B672B026AB70}.Debug|Any CPU.ActiveCfg = Debug|Any CPU
		{7ACB4F7C-E801-4478-881D-B672B026AB70}.Debug|Any CPU.Build.0 = Debug|Any CPU
		{7ACB4F7C-E801-4478-881D-B672B026AB70}.Release|Any CPU.ActiveCfg = Release|Any CPU
		{7ACB4F7C-E801-4478-881D-B672B026AB70}.Release|Any CPU.Build.0 = Release|Any CPU
		{454A9F2C-13BE-4809-A45E-AA95089B3885}.Debug|Any CPU.ActiveCfg = Debug|Any CPU
		{454A9F2C-13BE-4809-A45E-AA95089B3885}.Debug|Any CPU.Build.0 = Debug|Any CPU
		{454A9F2C-13BE-4809-A45E-AA95089B3885}.Release|Any CPU.ActiveCfg = Release|Any CPU
		{454A9F2C-13BE-4809-A45E-AA95089B3885}.Release|Any CPU.Build.0 = Release|Any CPU
		{0BE4017D-E44A-4D02-BD58-64B6D60B68AB}.Debug|Any CPU.ActiveCfg = Debug|Any CPU
		{0BE4017D-E44A-4D02-BD58-64B6D60B68AB}.Debug|Any CPU.Build.0 = Debug|Any CPU
		{0BE4017D-E44A-4D02-BD58-64B6D60B68AB}.Release|Any CPU.ActiveCfg = Release|Any CPU
		{0BE4017D-E44A-4D02-BD58-64B6D60B68AB}.Release|Any CPU.Build.0 = Release|Any CPU
		{72E52FF2-AEAD-42B1-BACA-8FAE068498A0}.Debug|Any CPU.ActiveCfg = Debug|Any CPU
		{72E52FF2-AEAD-42B1-BACA-8FAE068498A0}.Debug|Any CPU.Build.0 = Debug|Any CPU
		{72E52FF2-AEAD-42B1-BACA-8FAE068498A0}.Release|Any CPU.ActiveCfg = Release|Any CPU
		{72E52FF2-AEAD-42B1-BACA-8FAE068498A0}.Release|Any CPU.Build.0 = Release|Any CPU
		{0A8DB552-9ED6-427F-BF70-95335F2EE55F}.Debug|Any CPU.ActiveCfg = Debug|Any CPU
		{0A8DB552-9ED6-427F-BF70-95335F2EE55F}.Debug|Any CPU.Build.0 = Debug|Any CPU
		{0A8DB552-9ED6-427F-BF70-95335F2EE55F}.Release|Any CPU.ActiveCfg = Release|Any CPU
		{0A8DB552-9ED6-427F-BF70-95335F2EE55F}.Release|Any CPU.Build.0 = Release|Any CPU
	EndGlobalSection
	GlobalSection(SolutionProperties) = preSolution
		HideSolutionNode = FALSE
	EndGlobalSection
	GlobalSection(ExtensibilityGlobals) = postSolution
		SolutionGuid = {48B2CAF7-777D-4FB3-B3E4-989B4E7C6CDE}
	EndGlobalSection
EndGlobal
